
Microsoft Visual Studio Solution File, Format Version 12.00
# Visual Studio Version 17
VisualStudioVersion = 17.5.33502.453
MinimumVisualStudioVersion = 10.0.40219.1
Project("{FAE04EC0-301F-11D3-BF4B-00C04F79EFBC}") = "MinBankKonto", "BankKonto\MinBankKonto.csproj", "{E6766A74-0D38-4EFC-B2FB-F00EECA370B7}"
EndProject
Global
	GlobalSection(SolutionConfigurationPlatforms) = preSolution
		Debug|Any CPU = Debug|Any CPU
		Release|Any CPU = Release|Any CPU
	EndGlobalSection
	GlobalSection(ProjectConfigurationPlatforms) = postSolution
		{E6766A74-0D38-4EFC-B2FB-F00EECA370B7}.Debug|Any CPU.ActiveCfg = Debug|Any CPU
		{E6766A74-0D38-4EFC-B2FB-F00EECA370B7}.Debug|Any CPU.Build.0 = Debug|Any CPU
		{E6766A74-0D38-4EFC-B2FB-F00EECA370B7}.Release|Any CPU.ActiveCfg = Release|Any CPU
		{E6766A74-0D38-4EFC-B2FB-F00EECA370B7}.Release|Any CPU.Build.0 = Release|Any CPU
	EndGlobalSection
	GlobalSection(SolutionProperties) = preSolution
		HideSolutionNode = FALSE
	EndGlobalSection
	GlobalSection(ExtensibilityGlobals) = postSolution
		SolutionGuid = {1EAB8A5E-7C52-47F3-912C-B868385A0468}
	EndGlobalSection
EndGlobal
